
Microsoft Visual Studio Solution File, Format Version 12.00
# Visual Studio 15
VisualStudioVersion = 15.0.28010.2019
MinimumVisualStudioVersion = 10.0.40219.1
Project("{8BC9CEB8-8B4A-11D0-8D11-00A0C91BC942}") = "Lab2", "Lab2\Lab2.vcxproj", "{473398F6-E50A-48B6-A297-CE27BC1459A6}"
EndProject
Project("{8BC9CEB8-8B4A-11D0-8D11-00A0C91BC942}") = "Lab3 - mass", "Lab3\Lab3.vcxproj", "{2F08CED7-291F-4229-AA2A-6E8C4DC1903B}"
EndProject
Project("{8BC9CEB8-8B4A-11D0-8D11-00A0C91BC942}") = "CesarShifr", "CesarShifr\CesarShifr.vcxproj", "{00B2DE77-3CE0-4F48-9BFD-4BAF977379F0}"
EndProject
Project("{8BC9CEB8-8B4A-11D0-8D11-00A0C91BC942}") = "PUZIRKI", "PUZIRKI\PUZIRKI.vcxproj", "{6D3B13F1-D7C8-47B8-BE8A-09ABD8E4B0B3}"
EndProject
Project("{8BC9CEB8-8B4A-11D0-8D11-00A0C91BC942}") = "SHAKER", "SHAKER\SHAKER.vcxproj", "{99DD7EE3-28B4-43FF-80BC-398986EBFC36}"
EndProject
Project("{8BC9CEB8-8B4A-11D0-8D11-00A0C91BC942}") = "Lab4", "Lab4\Lab4.vcxproj", "{41429140-09B5-4E0F-AFA2-F41575C400D0}"
EndProject
Project("{8BC9CEB8-8B4A-11D0-8D11-00A0C91BC942}") = "Lab5 - perehodi_i_cikli", "Lab5 - perehodi_i_cikli\Lab5 - perehodi_i_cikli.vcxproj", "{148A9BD5-7978-4EB6-8ED2-8D71622477E2}"
EndProject
Project("{2150E333-8FDC-42A3-9474-1A3956D46DE8}") = "Lab3 - DZ", "Lab3 - DZ", "{25ACB541-D052-4CBA-AE42-B37858331016}"
EndProject
Project("{8BC9CEB8-8B4A-11D0-8D11-00A0C91BC942}") = "Lab6", "Lab6\Lab6.vcxproj", "{81E06FEE-C6ED-4946-8074-DDA33C28A14D}"
EndProject
Project("{8BC9CEB8-8B4A-11D0-8D11-00A0C91BC942}") = "Lab7", "Lab7\Lab7.vcxproj", "{ED9CE074-6852-47DA-B0A4-90F9AA4F585D}"
EndProject
Project("{8BC9CEB8-8B4A-11D0-8D11-00A0C91BC942}") = "Lab7 - Zadanie", "Lab7 - Zadanie\Lab7 - Zadanie.vcxproj", "{3A80D171-094B-4C85-9BCB-F9518EEB2FAB}"
EndProject
Project("{8BC9CEB8-8B4A-11D0-8D11-00A0C91BC942}") = "Lab8", "Lab8\Lab8.vcxproj", "{2B886ABE-73D5-4B9B-8422-30C742D30372}"
EndProject
Project("{8BC9CEB8-8B4A-11D0-8D11-00A0C91BC942}") = "Lab8 - Dynamic Matrix", "Lab8 - Dynamic Matrix\Lab8 - Dynamic Matrix.vcxproj", "{BF7D1364-2324-467D-9D8D-347E56846181}"
EndProject
Project("{8BC9CEB8-8B4A-11D0-8D11-00A0C91BC942}") = "Lab9 - Stroki and Faili", "Lab9 - Stroki and Faili\Lab9 - Stroki and Faili.vcxproj", "{783166B8-E35E-4649-94D5-84C14CBBA075}"
EndProject
Global
	GlobalSection(SolutionConfigurationPlatforms) = preSolution
		Debug|x64 = Debug|x64
		Debug|x86 = Debug|x86
		Release|x64 = Release|x64
		Release|x86 = Release|x86
	EndGlobalSection
	GlobalSection(ProjectConfigurationPlatforms) = postSolution
		{473398F6-E50A-48B6-A297-CE27BC1459A6}.Debug|x64.ActiveCfg = Debug|x64
		{473398F6-E50A-48B6-A297-CE27BC1459A6}.Debug|x64.Build.0 = Debug|x64
		{473398F6-E50A-48B6-A297-CE27BC1459A6}.Debug|x86.ActiveCfg = Debug|Win32
		{473398F6-E50A-48B6-A297-CE27BC1459A6}.Debug|x86.Build.0 = Debug|Win32
		{473398F6-E50A-48B6-A297-CE27BC1459A6}.Release|x64.ActiveCfg = Release|x64
		{473398F6-E50A-48B6-A297-CE27BC1459A6}.Release|x64.Build.0 = Release|x64
		{473398F6-E50A-48B6-A297-CE27BC1459A6}.Release|x86.ActiveCfg = Release|Win32
		{473398F6-E50A-48B6-A297-CE27BC1459A6}.Release|x86.Build.0 = Release|Win32
		{2F08CED7-291F-4229-AA2A-6E8C4DC1903B}.Debug|x64.ActiveCfg = Debug|x64
		{2F08CED7-291F-4229-AA2A-6E8C4DC1903B}.Debug|x64.Build.0 = Debug|x64
		{2F08CED7-291F-4229-AA2A-6E8C4DC1903B}.Debug|x86.ActiveCfg = Debug|Win32
		{2F08CED7-291F-4229-AA2A-6E8C4DC1903B}.Debug|x86.Build.0 = Debug|Win32
		{2F08CED7-291F-4229-AA2A-6E8C4DC1903B}.Release|x64.ActiveCfg = Release|x64
		{2F08CED7-291F-4229-AA2A-6E8C4DC1903B}.Release|x64.Build.0 = Release|x64
		{2F08CED7-291F-4229-AA2A-6E8C4DC1903B}.Release|x86.ActiveCfg = Release|Win32
		{2F08CED7-291F-4229-AA2A-6E8C4DC1903B}.Release|x86.Build.0 = Release|Win32
		{00B2DE77-3CE0-4F48-9BFD-4BAF977379F0}.Debug|x64.ActiveCfg = Debug|x64
		{00B2DE77-3CE0-4F48-9BFD-4BAF977379F0}.Debug|x64.Build.0 = Debug|x64
		{00B2DE77-3CE0-4F48-9BFD-4BAF977379F0}.Debug|x86.ActiveCfg = Debug|Win32
		{00B2DE77-3CE0-4F48-9BFD-4BAF977379F0}.Debug|x86.Build.0 = Debug|Win32
		{00B2DE77-3CE0-4F48-9BFD-4BAF977379F0}.Release|x64.ActiveCfg = Release|x64
		{00B2DE77-3CE0-4F48-9BFD-4BAF977379F0}.Release|x64.Build.0 = Release|x64
		{00B2DE77-3CE0-4F48-9BFD-4BAF977379F0}.Release|x86.ActiveCfg = Release|Win32
		{00B2DE77-3CE0-4F48-9BFD-4BAF977379F0}.Release|x86.Build.0 = Release|Win32
		{6D3B13F1-D7C8-47B8-BE8A-09ABD8E4B0B3}.Debug|x64.ActiveCfg = Debug|x64
		{6D3B13F1-D7C8-47B8-BE8A-09ABD8E4B0B3}.Debug|x64.Build.0 = Debug|x64
		{6D3B13F1-D7C8-47B8-BE8A-09ABD8E4B0B3}.Debug|x86.ActiveCfg = Debug|Win32
		{6D3B13F1-D7C8-47B8-BE8A-09ABD8E4B0B3}.Debug|x86.Build.0 = Debug|Win32
		{6D3B13F1-D7C8-47B8-BE8A-09ABD8E4B0B3}.Release|x64.ActiveCfg = Release|x64
		{6D3B13F1-D7C8-47B8-BE8A-09ABD8E4B0B3}.Release|x64.Build.0 = Release|x64
		{6D3B13F1-D7C8-47B8-BE8A-09ABD8E4B0B3}.Release|x86.ActiveCfg = Release|Win32
		{6D3B13F1-D7C8-47B8-BE8A-09ABD8E4B0B3}.Release|x86.Build.0 = Release|Win32
		{99DD7EE3-28B4-43FF-80BC-398986EBFC36}.Debug|x64.ActiveCfg = Debug|x64
		{99DD7EE3-28B4-43FF-80BC-398986EBFC36}.Debug|x64.Build.0 = Debug|x64
		{99DD7EE3-28B4-43FF-80BC-398986EBFC36}.Debug|x86.ActiveCfg = Debug|Win32
		{99DD7EE3-28B4-43FF-80BC-398986EBFC36}.Debug|x86.Build.0 = Debug|Win32
		{99DD7EE3-28B4-43FF-80BC-398986EBFC36}.Release|x64.ActiveCfg = Release|x64
		{99DD7EE3-28B4-43FF-80BC-398986EBFC36}.Release|x64.Build.0 = Release|x64
		{99DD7EE3-28B4-43FF-80BC-398986EBFC36}.Release|x86.ActiveCfg = Release|Win32
		{99DD7EE3-28B4-43FF-80BC-398986EBFC36}.Release|x86.Build.0 = Release|Win32
		{41429140-09B5-4E0F-AFA2-F41575C400D0}.Debug|x64.ActiveCfg = Debug|x64
		{41429140-09B5-4E0F-AFA2-F41575C400D0}.Debug|x64.Build.0 = Debug|x64
		{41429140-09B5-4E0F-AFA2-F41575C400D0}.Debug|x86.ActiveCfg = Debug|Win32
		{41429140-09B5-4E0F-AFA2-F41575C400D0}.Debug|x86.Build.0 = Debug|Win32
		{41429140-09B5-4E0F-AFA2-F41575C400D0}.Release|x64.ActiveCfg = Release|x64
		{41429140-09B5-4E0F-AFA2-F41575C400D0}.Release|x64.Build.0 = Release|x64
		{41429140-09B5-4E0F-AFA2-F41575C400D0}.Release|x86.ActiveCfg = Release|Win32
		{41429140-09B5-4E0F-AFA2-F41575C400D0}.Release|x86.Build.0 = Release|Win32
		{148A9BD5-7978-4EB6-8ED2-8D71622477E2}.Debug|x64.ActiveCfg = Debug|x64
		{148A9BD5-7978-4EB6-8ED2-8D71622477E2}.Debug|x64.Build.0 = Debug|x64
		{148A9BD5-7978-4EB6-8ED2-8D71622477E2}.Debug|x86.ActiveCfg = Debug|Win32
		{148A9BD5-7978-4EB6-8ED2-8D71622477E2}.Debug|x86.Build.0 = Debug|Win32
		{148A9BD5-7978-4EB6-8ED2-8D71622477E2}.Release|x64.ActiveCfg = Release|x64
		{148A9BD5-7978-4EB6-8ED2-8D71622477E2}.Release|x64.Build.0 = Release|x64
		{148A9BD5-7978-4EB6-8ED2-8D71622477E2}.Release|x86.ActiveCfg = Release|Win32
		{148A9BD5-7978-4EB6-8ED2-8D71622477E2}.Release|x86.Build.0 = Release|Win32
		{81E06FEE-C6ED-4946-8074-DDA33C28A14D}.Debug|x64.ActiveCfg = Debug|x64
		{81E06FEE-C6ED-4946-8074-DDA33C28A14D}.Debug|x64.Build.0 = Debug|x64
		{81E06FEE-C6ED-4946-8074-DDA33C28A14D}.Debug|x86.ActiveCfg = Debug|Win32
		{81E06FEE-C6ED-4946-8074-DDA33C28A14D}.Debug|x86.Build.0 = Debug|Win32
		{81E06FEE-C6ED-4946-8074-DDA33C28A14D}.Release|x64.ActiveCfg = Release|x64
		{81E06FEE-C6ED-4946-8074-DDA33C28A14D}.Release|x64.Build.0 = Release|x64
		{81E06FEE-C6ED-4946-8074-DDA33C28A14D}.Release|x86.ActiveCfg = Release|Win32
		{81E06FEE-C6ED-4946-8074-DDA33C28A14D}.Release|x86.Build.0 = Release|Win32
		{ED9CE074-6852-47DA-B0A4-90F9AA4F585D}.Debug|x64.ActiveCfg = Debug|x64
		{ED9CE074-6852-47DA-B0A4-90F9AA4F585D}.Debug|x64.Build.0 = Debug|x64
		{ED9CE074-6852-47DA-B0A4-90F9AA4F585D}.Debug|x86.ActiveCfg = Debug|Win32
		{ED9CE074-6852-47DA-B0A4-90F9AA4F585D}.Debug|x86.Build.0 = Debug|Win32
		{ED9CE074-6852-47DA-B0A4-90F9AA4F585D}.Release|x64.ActiveCfg = Release|x64
		{ED9CE074-6852-47DA-B0A4-90F9AA4F585D}.Release|x64.Build.0 = Release|x64
		{ED9CE074-6852-47DA-B0A4-90F9AA4F585D}.Release|x86.ActiveCfg = Release|Win32
		{ED9CE074-6852-47DA-B0A4-90F9AA4F585D}.Release|x86.Build.0 = Release|Win32
		{3A80D171-094B-4C85-9BCB-F9518EEB2FAB}.Debug|x64.ActiveCfg = Debug|x64
		{3A80D171-094B-4C85-9BCB-F9518EEB2FAB}.Debug|x64.Build.0 = Debug|x64
		{3A80D171-094B-4C85-9BCB-F9518EEB2FAB}.Debug|x86.ActiveCfg = Debug|Win32
		{3A80D171-094B-4C85-9BCB-F9518EEB2FAB}.Debug|x86.Build.0 = Debug|Win32
		{3A80D171-094B-4C85-9BCB-F9518EEB2FAB}.Release|x64.ActiveCfg = Release|x64
		{3A80D171-094B-4C85-9BCB-F9518EEB2FAB}.Release|x64.Build.0 = Release|x64
		{3A80D171-094B-4C85-9BCB-F9518EEB2FAB}.Release|x86.ActiveCfg = Release|Win32
		{3A80D171-094B-4C85-9BCB-F9518EEB2FAB}.Release|x86.Build.0 = Release|Win32
		{2B886ABE-73D5-4B9B-8422-30C742D30372}.Debug|x64.ActiveCfg = Debug|x64
		{2B886ABE-73D5-4B9B-8422-30C742D30372}.Debug|x64.Build.0 = Debug|x64
		{2B886ABE-73D5-4B9B-8422-30C742D30372}.Debug|x86.ActiveCfg = Debug|Win32
		{2B886ABE-73D5-4B9B-8422-30C742D30372}.Debug|x86.Build.0 = Debug|Win32
		{2B886ABE-73D5-4B9B-8422-30C742D30372}.Release|x64.ActiveCfg = Release|x64
		{2B886ABE-73D5-4B9B-8422-30C742D30372}.Release|x64.Build.0 = Release|x64
		{2B886ABE-73D5-4B9B-8422-30C742D30372}.Release|x86.ActiveCfg = Release|Win32
		{2B886ABE-73D5-4B9B-8422-30C742D30372}.Release|x86.Build.0 = Release|Win32
		{BF7D1364-2324-467D-9D8D-347E56846181}.Debug|x64.ActiveCfg = Debug|x64
		{BF7D1364-2324-467D-9D8D-347E56846181}.Debug|x64.Build.0 = Debug|x64
		{BF7D1364-2324-467D-9D8D-347E56846181}.Debug|x86.ActiveCfg = Debug|Win32
		{BF7D1364-2324-467D-9D8D-347E56846181}.Debug|x86.Build.0 = Debug|Win32
		{BF7D1364-2324-467D-9D8D-347E56846181}.Release|x64.ActiveCfg = Release|x64
		{BF7D1364-2324-467D-9D8D-347E56846181}.Release|x64.Build.0 = Release|x64
		{BF7D1364-2324-467D-9D8D-347E56846181}.Release|x86.ActiveCfg = Release|Win32
		{BF7D1364-2324-467D-9D8D-347E56846181}.Release|x86.Build.0 = Release|Win32
		{783166B8-E35E-4649-94D5-84C14CBBA075}.Debug|x64.ActiveCfg = Debug|x64
		{783166B8-E35E-4649-94D5-84C14CBBA075}.Debug|x64.Build.0 = Debug|x64
		{783166B8-E35E-4649-94D5-84C14CBBA075}.Debug|x86.ActiveCfg = Debug|Win32
		{783166B8-E35E-4649-94D5-84C14CBBA075}.Debug|x86.Build.0 = Debug|Win32
		{783166B8-E35E-4649-94D5-84C14CBBA075}.Release|x64.ActiveCfg = Release|x64
		{783166B8-E35E-4649-94D5-84C14CBBA075}.Release|x64.Build.0 = Release|x64
		{783166B8-E35E-4649-94D5-84C14CBBA075}.Release|x86.ActiveCfg = Release|Win32
		{783166B8-E35E-4649-94D5-84C14CBBA075}.Release|x86.Build.0 = Release|Win32
	EndGlobalSection
	GlobalSection(SolutionProperties) = preSolution
		HideSolutionNode = FALSE
	EndGlobalSection
	GlobalSection(NestedProjects) = preSolution
		{00B2DE77-3CE0-4F48-9BFD-4BAF977379F0} = {25ACB541-D052-4CBA-AE42-B37858331016}
		{6D3B13F1-D7C8-47B8-BE8A-09ABD8E4B0B3} = {25ACB541-D052-4CBA-AE42-B37858331016}
		{99DD7EE3-28B4-43FF-80BC-398986EBFC36} = {25ACB541-D052-4CBA-AE42-B37858331016}
	EndGlobalSection
	GlobalSection(ExtensibilityGlobals) = postSolution
		SolutionGuid = {2D7D3E0C-06AA-4026-A09A-A4C3E8FD9C10}
	EndGlobalSection
EndGlobal
